
Microsoft Visual Studio Solution File, Format Version 12.00
# Visual Studio Version 17
VisualStudioVersion = 17.6.33723.286
MinimumVisualStudioVersion = 10.0.40219.1
Project("{FAE04EC0-301F-11D3-BF4B-00C04F79EFBC}") = "Flights", "Flights\Flights.csproj", "{DBC10754-03D7-4C8A-AE5D-C918D81AAED5}"
EndProject
Global
	GlobalSection(SolutionConfigurationPlatforms) = preSolution
		Debug|Any CPU = Debug|Any CPU
		Release|Any CPU = Release|Any CPU
	EndGlobalSection
	GlobalSection(ProjectConfigurationPlatforms) = postSolution
		{DBC10754-03D7-4C8A-AE5D-C918D81AAED5}.Debug|Any CPU.ActiveCfg = Debug|Any CPU
		{DBC10754-03D7-4C8A-AE5D-C918D81AAED5}.Debug|Any CPU.Build.0 = Debug|Any CPU
		{DBC10754-03D7-4C8A-AE5D-C918D81AAED5}.Release|Any CPU.ActiveCfg = Release|Any CPU
		{DBC10754-03D7-4C8A-AE5D-C918D81AAED5}.Release|Any CPU.Build.0 = Release|Any CPU
	EndGlobalSection
	GlobalSection(SolutionProperties) = preSolution
		HideSolutionNode = FALSE
	EndGlobalSection
	GlobalSection(ExtensibilityGlobals) = postSolution
		SolutionGuid = {5B0311B3-2FC4-46F9-868A-13569C7572F7}
	EndGlobalSection
EndGlobal
